
Microsoft Visual Studio Solution File, Format Version 12.00
# Visual Studio Version 17
VisualStudioVersion = 17.10.35122.118
MinimumVisualStudioVersion = 10.0.40219.1
Project("{FAE04EC0-301F-11D3-BF4B-00C04F79EFBC}") = "Bai1", "Bai1\Bai1.csproj", "{8697FA1D-0999-4E92-AF69-C87E2312CCE5}"
EndProject
Project("{FAE04EC0-301F-11D3-BF4B-00C04F79EFBC}") = "Bai2", "Bai2\Bai2.csproj", "{DC46313D-DF13-47AB-9A12-3C438D2ED4A9}"
EndProject
Global
	GlobalSection(SolutionConfigurationPlatforms) = preSolution
		Debug|Any CPU = Debug|Any CPU
		Release|Any CPU = Release|Any CPU
	EndGlobalSection
	GlobalSection(ProjectConfigurationPlatforms) = postSolution
		{8697FA1D-0999-4E92-AF69-C87E2312CCE5}.Debug|Any CPU.ActiveCfg = Debug|Any CPU
		{8697FA1D-0999-4E92-AF69-C87E2312CCE5}.Debug|Any CPU.Build.0 = Debug|Any CPU
		{8697FA1D-0999-4E92-AF69-C87E2312CCE5}.Release|Any CPU.ActiveCfg = Release|Any CPU
		{8697FA1D-0999-4E92-AF69-C87E2312CCE5}.Release|Any CPU.Build.0 = Release|Any CPU
		{DC46313D-DF13-47AB-9A12-3C438D2ED4A9}.Debug|Any CPU.ActiveCfg = Debug|Any CPU
		{DC46313D-DF13-47AB-9A12-3C438D2ED4A9}.Debug|Any CPU.Build.0 = Debug|Any CPU
		{DC46313D-DF13-47AB-9A12-3C438D2ED4A9}.Release|Any CPU.ActiveCfg = Release|Any CPU
		{DC46313D-DF13-47AB-9A12-3C438D2ED4A9}.Release|Any CPU.Build.0 = Release|Any CPU
	EndGlobalSection
	GlobalSection(SolutionProperties) = preSolution
		HideSolutionNode = FALSE
	EndGlobalSection
	GlobalSection(ExtensibilityGlobals) = postSolution
		SolutionGuid = {1EC7973B-1DE7-47F1-92F9-B633BDF76194}
	EndGlobalSection
EndGlobal
